
Microsoft Visual Studio Solution File, Format Version 12.00
# Visual Studio Version 17
VisualStudioVersion = 17.5.320.0
MinimumVisualStudioVersion = 10.0.40219.1
Project("{FAE04EC0-301F-11D3-BF4B-00C04F79EFBC}") = "LikeToDo", "\home\vadym\Mount\ProjectsVS\ASP\LikeToDo\LikeToDo-Server\LikeToDo.csproj", "{BF92A78D-49B4-E973-9BF3-99195150AF62}"
EndProject
Global
	GlobalSection(SolutionConfigurationPlatforms) = preSolution
		Debug|Any CPU = Debug|Any CPU
		Release|Any CPU = Release|Any CPU
	EndGlobalSection
	GlobalSection(ProjectConfigurationPlatforms) = postSolution
		{BF92A78D-49B4-E973-9BF3-99195150AF62}.Debug|Any CPU.ActiveCfg = Debug|Any CPU
		{BF92A78D-49B4-E973-9BF3-99195150AF62}.Debug|Any CPU.Build.0 = Debug|Any CPU
		{BF92A78D-49B4-E973-9BF3-99195150AF62}.Release|Any CPU.ActiveCfg = Release|Any CPU
		{BF92A78D-49B4-E973-9BF3-99195150AF62}.Release|Any CPU.Build.0 = Release|Any CPU
	EndGlobalSection
	GlobalSection(SolutionProperties) = preSolution
		HideSolutionNode = FALSE
	EndGlobalSection
	GlobalSection(ExtensibilityGlobals) = postSolution
		SolutionGuid = {6AC2FE7A-F3C7-4816-A8B0-0EFBDC0DD90E}
	EndGlobalSection
EndGlobal